
Microsoft Visual Studio Solution File, Format Version 12.00
# Visual Studio Version 17
VisualStudioVersion = 17.9.34622.214
MinimumVisualStudioVersion = 10.0.40219.1
Project("{9A19103F-16F7-4668-BE54-9A1E7A4F7556}") = "BookStore.API", "BookStore.API\BookStore.API.csproj", "{E2F2E0F9-A2D1-4DDC-926B-D172275378F0}"
EndProject
Project("{9A19103F-16F7-4668-BE54-9A1E7A4F7556}") = "BookStore.Application", "BookStore.Application\BookStore.Application.csproj", "{95531C49-F46D-495B-94D5-71FBD0138B89}"
EndProject
Project("{9A19103F-16F7-4668-BE54-9A1E7A4F7556}") = "BookStore.UseCases", "BookStore.UseCases\BookStore.UseCases.csproj", "{9CB264D4-A1A6-4934-BF17-295081BCE606}"
EndProject
Project("{9A19103F-16F7-4668-BE54-9A1E7A4F7556}") = "BookStore.DataAccess", "BookStore.DataAccess\BookStore.DataAccess.csproj", "{4E1C8ABF-B543-4D29-AB89-FAC25AD407C1}"
EndProject
Project("{9A19103F-16F7-4668-BE54-9A1E7A4F7556}") = "BookStore.Domain", "BookStore.Domain\BookStore.Domain.csproj", "{0E1DD98C-3911-4745-A6BE-228D8ABA399C}"
EndProject
Global
	GlobalSection(SolutionConfigurationPlatforms) = preSolution
		Debug|Any CPU = Debug|Any CPU
		Release|Any CPU = Release|Any CPU
	EndGlobalSection
	GlobalSection(ProjectConfigurationPlatforms) = postSolution
		{E2F2E0F9-A2D1-4DDC-926B-D172275378F0}.Debug|Any CPU.ActiveCfg = Debug|Any CPU
		{E2F2E0F9-A2D1-4DDC-926B-D172275378F0}.Debug|Any CPU.Build.0 = Debug|Any CPU
		{E2F2E0F9-A2D1-4DDC-926B-D172275378F0}.Release|Any CPU.ActiveCfg = Release|Any CPU
		{E2F2E0F9-A2D1-4DDC-926B-D172275378F0}.Release|Any CPU.Build.0 = Release|Any CPU
		{95531C49-F46D-495B-94D5-71FBD0138B89}.Debug|Any CPU.ActiveCfg = Debug|Any CPU
		{95531C49-F46D-495B-94D5-71FBD0138B89}.Debug|Any CPU.Build.0 = Debug|Any CPU
		{95531C49-F46D-495B-94D5-71FBD0138B89}.Release|Any CPU.ActiveCfg = Release|Any CPU
		{95531C49-F46D-495B-94D5-71FBD0138B89}.Release|Any CPU.Build.0 = Release|Any CPU
		{9CB264D4-A1A6-4934-BF17-295081BCE606}.Debug|Any CPU.ActiveCfg = Debug|Any CPU
		{9CB264D4-A1A6-4934-BF17-295081BCE606}.Debug|Any CPU.Build.0 = Debug|Any CPU
		{9CB264D4-A1A6-4934-BF17-295081BCE606}.Release|Any CPU.ActiveCfg = Release|Any CPU
		{9CB264D4-A1A6-4934-BF17-295081BCE606}.Release|Any CPU.Build.0 = Release|Any CPU
		{4E1C8ABF-B543-4D29-AB89-FAC25AD407C1}.Debug|Any CPU.ActiveCfg = Debug|Any CPU
		{4E1C8ABF-B543-4D29-AB89-FAC25AD407C1}.Debug|Any CPU.Build.0 = Debug|Any CPU
		{4E1C8ABF-B543-4D29-AB89-FAC25AD407C1}.Release|Any CPU.ActiveCfg = Release|Any CPU
		{4E1C8ABF-B543-4D29-AB89-FAC25AD407C1}.Release|Any CPU.Build.0 = Release|Any CPU
		{0E1DD98C-3911-4745-A6BE-228D8ABA399C}.Debug|Any CPU.ActiveCfg = Debug|Any CPU
		{0E1DD98C-3911-4745-A6BE-228D8ABA399C}.Debug|Any CPU.Build.0 = Debug|Any CPU
		{0E1DD98C-3911-4745-A6BE-228D8ABA399C}.Release|Any CPU.ActiveCfg = Release|Any CPU
		{0E1DD98C-3911-4745-A6BE-228D8ABA399C}.Release|Any CPU.Build.0 = Release|Any CPU
	EndGlobalSection
	GlobalSection(SolutionProperties) = preSolution
		HideSolutionNode = FALSE
	EndGlobalSection
	GlobalSection(ExtensibilityGlobals) = postSolution
		SolutionGuid = {BCB16B24-4365-4CEE-8878-AF9AADEA91E4}
	EndGlobalSection
EndGlobal
